
Microsoft Visual Studio Solution File, Format Version 12.00
# Visual Studio Version 16
VisualStudioVersion = 16.0.32106.194
MinimumVisualStudioVersion = 10.0.40219.1
Project("{FAE04EC0-301F-11D3-BF4B-00C04F79EFBC}") = "CsharpwithDatabase", "CsharpwithDatabase.csproj", "{287D5956-5EDC-4052-8841-B8E0FF94020D}"
EndProject
Global
	GlobalSection(SolutionConfigurationPlatforms) = preSolution
		Debug|Any CPU = Debug|Any CPU
		Release|Any CPU = Release|Any CPU
	EndGlobalSection
	GlobalSection(ProjectConfigurationPlatforms) = postSolution
		{287D5956-5EDC-4052-8841-B8E0FF94020D}.Debug|Any CPU.ActiveCfg = Debug|Any CPU
		{287D5956-5EDC-4052-8841-B8E0FF94020D}.Debug|Any CPU.Build.0 = Debug|Any CPU
		{287D5956-5EDC-4052-8841-B8E0FF94020D}.Release|Any CPU.ActiveCfg = Release|Any CPU
		{287D5956-5EDC-4052-8841-B8E0FF94020D}.Release|Any CPU.Build.0 = Release|Any CPU
	EndGlobalSection
	GlobalSection(SolutionProperties) = preSolution
		HideSolutionNode = FALSE
	EndGlobalSection
	GlobalSection(ExtensibilityGlobals) = postSolution
		SolutionGuid = {43FCCC30-3002-46CF-B8FE-1D803FC43C97}
	EndGlobalSection
EndGlobal
